
Microsoft Visual Studio Solution File, Format Version 12.00
# Visual Studio Version 16
VisualStudioVersion = 16.0.30011.22
MinimumVisualStudioVersion = 10.0.40219.1
Project("{FAE04EC0-301F-11D3-BF4B-00C04F79EFBC}") = "DomoticzHome", "DomoticzHome\DomoticzHome\DomoticzHome.csproj", "{BF2ADD17-55C1-459D-904E-8AAF86920225}"
EndProject
Project("{FAE04EC0-301F-11D3-BF4B-00C04F79EFBC}") = "DomoticzHome.Android", "DomoticzHome\DomoticzHome.Android\DomoticzHome.Android.csproj", "{C3F40778-334F-46D3-B5F4-EA23DC51EDCB}"
EndProject
Project("{FAE04EC0-301F-11D3-BF4B-00C04F79EFBC}") = "DomoticzHome.iOS", "DomoticzHome\DomoticzHome.iOS\DomoticzHome.iOS.csproj", "{4CFE15D2-37F8-4173-A4B0-6DE8938BEB8E}"
EndProject
Project("{FAE04EC0-301F-11D3-BF4B-00C04F79EFBC}") = "DomoticzHome.UWP", "DomoticzHome\DomoticzHome.UWP\DomoticzHome.UWP.csproj", "{DC27B4D6-E4FF-47AD-8FA7-6E05CE9FE38F}"
EndProject
Global
	GlobalSection(SolutionConfigurationPlatforms) = preSolution
		Ad-Hoc|Any CPU = Ad-Hoc|Any CPU
		Ad-Hoc|ARM = Ad-Hoc|ARM
		Ad-Hoc|iPhone = Ad-Hoc|iPhone
		Ad-Hoc|iPhoneSimulator = Ad-Hoc|iPhoneSimulator
		Ad-Hoc|x64 = Ad-Hoc|x64
		Ad-Hoc|x86 = Ad-Hoc|x86
		AppStore|Any CPU = AppStore|Any CPU
		AppStore|ARM = AppStore|ARM
		AppStore|iPhone = AppStore|iPhone
		AppStore|iPhoneSimulator = AppStore|iPhoneSimulator
		AppStore|x64 = AppStore|x64
		AppStore|x86 = AppStore|x86
		Debug|Any CPU = Debug|Any CPU
		Debug|ARM = Debug|ARM
		Debug|iPhone = Debug|iPhone
		Debug|iPhoneSimulator = Debug|iPhoneSimulator
		Debug|x64 = Debug|x64
		Debug|x86 = Debug|x86
		Release|Any CPU = Release|Any CPU
		Release|ARM = Release|ARM
		Release|iPhone = Release|iPhone
		Release|iPhoneSimulator = Release|iPhoneSimulator
		Release|x64 = Release|x64
		Release|x86 = Release|x86
	EndGlobalSection
	GlobalSection(ProjectConfigurationPlatforms) = postSolution
		{BF2ADD17-55C1-459D-904E-8AAF86920225}.Ad-Hoc|Any CPU.ActiveCfg = Debug|Any CPU
		{BF2ADD17-55C1-459D-904E-8AAF86920225}.Ad-Hoc|Any CPU.Build.0 = Debug|Any CPU
		{BF2ADD17-55C1-459D-904E-8AAF86920225}.Ad-Hoc|ARM.ActiveCfg = Debug|Any CPU
		{BF2ADD17-55C1-459D-904E-8AAF86920225}.Ad-Hoc|ARM.Build.0 = Debug|Any CPU
		{BF2ADD17-55C1-459D-904E-8AAF86920225}.Ad-Hoc|iPhone.ActiveCfg = Debug|Any CPU
		{BF2ADD17-55C1-459D-904E-8AAF86920225}.Ad-Hoc|iPhone.Build.0 = Debug|Any CPU
		{BF2ADD17-55C1-459D-904E-8AAF86920225}.Ad-Hoc|iPhoneSimulator.ActiveCfg = Debug|Any CPU
		{BF2ADD17-55C1-459D-904E-8AAF86920225}.Ad-Hoc|iPhoneSimulator.Build.0 = Debug|Any CPU
		{BF2ADD17-55C1-459D-904E-8AAF86920225}.Ad-Hoc|x64.ActiveCfg = Debug|Any CPU
		{BF2ADD17-55C1-459D-904E-8AAF86920225}.Ad-Hoc|x64.Build.0 = Debug|Any CPU
		{BF2ADD17-55C1-459D-904E-8AAF86920225}.Ad-Hoc|x86.ActiveCfg = Debug|Any CPU
		{BF2ADD17-55C1-459D-904E-8AAF86920225}.Ad-Hoc|x86.Build.0 = Debug|Any CPU
		{BF2ADD17-55C1-459D-904E-8AAF86920225}.AppStore|Any CPU.ActiveCfg = Debug|Any CPU
		{BF2ADD17-55C1-459D-904E-8AAF86920225}.AppStore|Any CPU.Build.0 = Debug|Any CPU
		{BF2ADD17-55C1-459D-904E-8AAF86920225}.AppStore|ARM.ActiveCfg = Debug|Any CPU
		{BF2ADD17-55C1-459D-904E-8AAF86920225}.AppStore|ARM.Build.0 = Debug|Any CPU
		{BF2ADD17-55C1-459D-904E-8AAF86920225}.AppStore|iPhone.ActiveCfg = Debug|Any CPU
		{BF2ADD17-55C1-459D-904E-8AAF86920225}.AppStore|iPhone.Build.0 = Debug|Any CPU
		{BF2ADD17-55C1-459D-904E-8AAF86920225}.AppStore|iPhoneSimulator.ActiveCfg = Debug|Any CPU
		{BF2ADD17-55C1-459D-904E-8AAF86920225}.AppStore|iPhoneSimulator.Build.0 = Debug|Any CPU
		{BF2ADD17-55C1-459D-904E-8AAF86920225}.AppStore|x64.ActiveCfg = Debug|Any CPU
		{BF2ADD17-55C1-459D-904E-8AAF86920225}.AppStore|x64.Build.0 = Debug|Any CPU
		{BF2ADD17-55C1-459D-904E-8AAF86920225}.AppStore|x86.ActiveCfg = Debug|Any CPU
		{BF2ADD17-55C1-459D-904E-8AAF86920225}.AppStore|x86.Build.0 = Debug|Any CPU
		{BF2ADD17-55C1-459D-904E-8AAF86920225}.Debug|Any CPU.ActiveCfg = Debug|Any CPU
		{BF2ADD17-55C1-459D-904E-8AAF86920225}.Debug|Any CPU.Build.0 = Debug|Any CPU
		{BF2ADD17-55C1-459D-904E-8AAF86920225}.Debug|ARM.ActiveCfg = Debug|Any CPU
		{BF2ADD17-55C1-459D-904E-8AAF86920225}.Debug|ARM.Build.0 = Debug|Any CPU
		{BF2ADD17-55C1-459D-904E-8AAF86920225}.Debug|iPhone.ActiveCfg = Debug|Any CPU
		{BF2ADD17-55C1-459D-904E-8AAF86920225}.Debug|iPhone.Build.0 = Debug|Any CPU
		{BF2ADD17-55C1-459D-904E-8AAF86920225}.Debug|iPhoneSimulator.ActiveCfg = Debug|Any CPU
		{BF2ADD17-55C1-459D-904E-8AAF86920225}.Debug|iPhoneSimulator.Build.0 = Debug|Any CPU
		{BF2ADD17-55C1-459D-904E-8AAF86920225}.Debug|x64.ActiveCfg = Debug|Any CPU
		{BF2ADD17-55C1-459D-904E-8AAF86920225}.Debug|x64.Build.0 = Debug|Any CPU
		{BF2ADD17-55C1-459D-904E-8AAF86920225}.Debug|x86.ActiveCfg = Debug|Any CPU
		{BF2ADD17-55C1-459D-904E-8AAF86920225}.Debug|x86.Build.0 = Debug|Any CPU
		{BF2ADD17-55C1-459D-904E-8AAF86920225}.Release|Any CPU.ActiveCfg = Release|Any CPU
		{BF2ADD17-55C1-459D-904E-8AAF86920225}.Release|Any CPU.Build.0 = Release|Any CPU
		{BF2ADD17-55C1-459D-904E-8AAF86920225}.Release|ARM.ActiveCfg = Release|Any CPU
		{BF2ADD17-55C1-459D-904E-8AAF86920225}.Release|ARM.Build.0 = Release|Any CPU
		{BF2ADD17-55C1-459D-904E-8AAF86920225}.Release|iPhone.ActiveCfg = Release|Any CPU
		{BF2ADD17-55C1-459D-904E-8AAF86920225}.Release|iPhone.Build.0 = Release|Any CPU
		{BF2ADD17-55C1-459D-904E-8AAF86920225}.Release|iPhoneSimulator.ActiveCfg = Release|Any CPU
		{BF2ADD17-55C1-459D-904E-8AAF86920225}.Release|iPhoneSimulator.Build.0 = Release|Any CPU
		{BF2ADD17-55C1-459D-904E-8AAF86920225}.Release|x64.ActiveCfg = Release|Any CPU
		{BF2ADD17-55C1-459D-904E-8AAF86920225}.Release|x64.Build.0 = Release|Any CPU
		{BF2ADD17-55C1-459D-904E-8AAF86920225}.Release|x86.ActiveCfg = Release|Any CPU
		{BF2ADD17-55C1-459D-904E-8AAF86920225}.Release|x86.Build.0 = Release|Any CPU
		{C3F40778-334F-46D3-B5F4-EA23DC51EDCB}.Ad-Hoc|Any CPU.ActiveCfg = Release|Any CPU
		{C3F40778-334F-46D3-B5F4-EA23DC51EDCB}.Ad-Hoc|Any CPU.Build.0 = Release|Any CPU
		{C3F40778-334F-46D3-B5F4-EA23DC51EDCB}.Ad-Hoc|Any CPU.Deploy.0 = Release|Any CPU
		{C3F40778-334F-46D3-B5F4-EA23DC51EDCB}.Ad-Hoc|ARM.ActiveCfg = Release|Any CPU
		{C3F40778-334F-46D3-B5F4-EA23DC51EDCB}.Ad-Hoc|ARM.Build.0 = Release|Any CPU
		{C3F40778-334F-46D3-B5F4-EA23DC51EDCB}.Ad-Hoc|ARM.Deploy.0 = Release|Any CPU
		{C3F40778-334F-46D3-B5F4-EA23DC51EDCB}.Ad-Hoc|iPhone.ActiveCfg = Release|Any CPU
		{C3F40778-334F-46D3-B5F4-EA23DC51EDCB}.Ad-Hoc|iPhone.Build.0 = Release|Any CPU
		{C3F40778-334F-46D3-B5F4-EA23DC51EDCB}.Ad-Hoc|iPhone.Deploy.0 = Release|Any CPU
		{C3F40778-334F-46D3-B5F4-EA23DC51EDCB}.Ad-Hoc|iPhoneSimulator.ActiveCfg = Release|Any CPU
		{C3F40778-334F-46D3-B5F4-EA23DC51EDCB}.Ad-Hoc|iPhoneSimulator.Build.0 = Release|Any CPU
		{C3F40778-334F-46D3-B5F4-EA23DC51EDCB}.Ad-Hoc|iPhoneSimulator.Deploy.0 = Release|Any CPU
		{C3F40778-334F-46D3-B5F4-EA23DC51EDCB}.Ad-Hoc|x64.ActiveCfg = Release|Any CPU
		{C3F40778-334F-46D3-B5F4-EA23DC51EDCB}.Ad-Hoc|x64.Build.0 = Release|Any CPU
		{C3F40778-334F-46D3-B5F4-EA23DC51EDCB}.Ad-Hoc|x64.Deploy.0 = Release|Any CPU
		{C3F40778-334F-46D3-B5F4-EA23DC51EDCB}.Ad-Hoc|x86.ActiveCfg = Release|Any CPU
		{C3F40778-334F-46D3-B5F4-EA23DC51EDCB}.Ad-Hoc|x86.Build.0 = Release|Any CPU
		{C3F40778-334F-46D3-B5F4-EA23DC51EDCB}.Ad-Hoc|x86.Deploy.0 = Release|Any CPU
		{C3F40778-334F-46D3-B5F4-EA23DC51EDCB}.AppStore|Any CPU.ActiveCfg = Release|Any CPU
		{C3F40778-334F-46D3-B5F4-EA23DC51EDCB}.AppStore|Any CPU.Build.0 = Release|Any CPU
		{C3F40778-334F-46D3-B5F4-EA23DC51EDCB}.AppStore|Any CPU.Deploy.0 = Release|Any CPU
		{C3F40778-334F-46D3-B5F4-EA23DC51EDCB}.AppStore|ARM.ActiveCfg = Release|Any CPU
		{C3F40778-334F-46D3-B5F4-EA23DC51EDCB}.AppStore|ARM.Build.0 = Release|Any CPU
		{C3F40778-334F-46D3-B5F4-EA23DC51EDCB}.AppStore|ARM.Deploy.0 = Release|Any CPU
		{C3F40778-334F-46D3-B5F4-EA23DC51EDCB}.AppStore|iPhone.ActiveCfg = Release|Any CPU
		{C3F40778-334F-46D3-B5F4-EA23DC51EDCB}.AppStore|iPhone.Build.0 = Release|Any CPU
		{C3F40778-334F-46D3-B5F4-EA23DC51EDCB}.AppStore|iPhone.Deploy.0 = Release|Any CPU
		{C3F40778-334F-46D3-B5F4-EA23DC51EDCB}.AppStore|iPhoneSimulator.ActiveCfg = Release|Any CPU
		{C3F40778-334F-46D3-B5F4-EA23DC51EDCB}.AppStore|iPhoneSimulator.Build.0 = Release|Any CPU
		{C3F40778-334F-46D3-B5F4-EA23DC51EDCB}.AppStore|iPhoneSimulator.Deploy.0 = Release|Any CPU
		{C3F40778-334F-46D3-B5F4-EA23DC51EDCB}.AppStore|x64.ActiveCfg = Release|Any CPU
		{C3F40778-334F-46D3-B5F4-EA23DC51EDCB}.AppStore|x64.Build.0 = Release|Any CPU
		{C3F40778-334F-46D3-B5F4-EA23DC51EDCB}.AppStore|x64.Deploy.0 = Release|Any CPU
		{C3F40778-334F-46D3-B5F4-EA23DC51EDCB}.AppStore|x86.ActiveCfg = Release|Any CPU
		{C3F40778-334F-46D3-B5F4-EA23DC51EDCB}.AppStore|x86.Build.0 = Release|Any CPU
		{C3F40778-334F-46D3-B5F4-EA23DC51EDCB}.AppStore|x86.Deploy.0 = Release|Any CPU
		{C3F40778-334F-46D3-B5F4-EA23DC51EDCB}.Debug|Any CPU.ActiveCfg = Debug|Any CPU
		{C3F40778-334F-46D3-B5F4-EA23DC51EDCB}.Debug|Any CPU.Build.0 = Debug|Any CPU
		{C3F40778-334F-46D3-B5F4-EA23DC51EDCB}.Debug|Any CPU.Deploy.0 = Debug|Any CPU
		{C3F40778-334F-46D3-B5F4-EA23DC51EDCB}.Debug|ARM.ActiveCfg = Debug|Any CPU
		{C3F40778-334F-46D3-B5F4-EA23DC51EDCB}.Debug|ARM.Build.0 = Debug|Any CPU
		{C3F40778-334F-46D3-B5F4-EA23DC51EDCB}.Debug|ARM.Deploy.0 = Debug|Any CPU
		{C3F40778-334F-46D3-B5F4-EA23DC51EDCB}.Debug|iPhone.ActiveCfg = Debug|Any CPU
		{C3F40778-334F-46D3-B5F4-EA23DC51EDCB}.Debug|iPhone.Build.0 = Debug|Any CPU
		{C3F40778-334F-46D3-B5F4-EA23DC51EDCB}.Debug|iPhone.Deploy.0 = Debug|Any CPU
		{C3F40778-334F-46D3-B5F4-EA23DC51EDCB}.Debug|iPhoneSimulator.ActiveCfg = Debug|Any CPU
		{C3F40778-334F-46D3-B5F4-EA23DC51EDCB}.Debug|iPhoneSimulator.Build.0 = Debug|Any CPU
		{C3F40778-334F-46D3-B5F4-EA23DC51EDCB}.Debug|iPhoneSimulator.Deploy.0 = Debug|Any CPU
		{C3F40778-334F-46D3-B5F4-EA23DC51EDCB}.Debug|x64.ActiveCfg = Debug|Any CPU
		{C3F40778-334F-46D3-B5F4-EA23DC51EDCB}.Debug|x64.Build.0 = Debug|Any CPU
		{C3F40778-334F-46D3-B5F4-EA23DC51EDCB}.Debug|x64.Deploy.0 = Debug|Any CPU
		{C3F40778-334F-46D3-B5F4-EA23DC51EDCB}.Debug|x86.ActiveCfg = Debug|Any CPU
		{C3F40778-334F-46D3-B5F4-EA23DC51EDCB}.Debug|x86.Build.0 = Debug|Any CPU
		{C3F40778-334F-46D3-B5F4-EA23DC51EDCB}.Debug|x86.Deploy.0 = Debug|Any CPU
		{C3F40778-334F-46D3-B5F4-EA23DC51EDCB}.Release|Any CPU.ActiveCfg = Release|Any CPU
		{C3F40778-334F-46D3-B5F4-EA23DC51EDCB}.Release|Any CPU.Build.0 = Release|Any CPU
		{C3F40778-334F-46D3-B5F4-EA23DC51EDCB}.Release|Any CPU.Deploy.0 = Release|Any CPU
		{C3F40778-334F-46D3-B5F4-EA23DC51EDCB}.Release|ARM.ActiveCfg = Release|Any CPU
		{C3F40778-334F-46D3-B5F4-EA23DC51EDCB}.Release|ARM.Build.0 = Release|Any CPU
		{C3F40778-334F-46D3-B5F4-EA23DC51EDCB}.Release|ARM.Deploy.0 = Release|Any CPU
		{C3F40778-334F-46D3-B5F4-EA23DC51EDCB}.Release|iPhone.ActiveCfg = Release|Any CPU
		{C3F40778-334F-46D3-B5F4-EA23DC51EDCB}.Release|iPhone.Build.0 = Release|Any CPU
		{C3F40778-334F-46D3-B5F4-EA23DC51EDCB}.Release|iPhone.Deploy.0 = Release|Any CPU
		{C3F40778-334F-46D3-B5F4-EA23DC51EDCB}.Release|iPhoneSimulator.ActiveCfg = Release|Any CPU
		{C3F40778-334F-46D3-B5F4-EA23DC51EDCB}.Release|iPhoneSimulator.Build.0 = Release|Any CPU
		{C3F40778-334F-46D3-B5F4-EA23DC51EDCB}.Release|iPhoneSimulator.Deploy.0 = Release|Any CPU
		{C3F40778-334F-46D3-B5F4-EA23DC51EDCB}.Release|x64.ActiveCfg = Release|Any CPU
		{C3F40778-334F-46D3-B5F4-EA23DC51EDCB}.Release|x64.Build.0 = Release|Any CPU
		{C3F40778-334F-46D3-B5F4-EA23DC51EDCB}.Release|x64.Deploy.0 = Release|Any CPU
		{C3F40778-334F-46D3-B5F4-EA23DC51EDCB}.Release|x86.ActiveCfg = Release|Any CPU
		{C3F40778-334F-46D3-B5F4-EA23DC51EDCB}.Release|x86.Build.0 = Release|Any CPU
		{C3F40778-334F-46D3-B5F4-EA23DC51EDCB}.Release|x86.Deploy.0 = Release|Any CPU
		{4CFE15D2-37F8-4173-A4B0-6DE8938BEB8E}.Ad-Hoc|Any CPU.ActiveCfg = Ad-Hoc|iPhone
		{4CFE15D2-37F8-4173-A4B0-6DE8938BEB8E}.Ad-Hoc|ARM.ActiveCfg = Ad-Hoc|iPhone
		{4CFE15D2-37F8-4173-A4B0-6DE8938BEB8E}.Ad-Hoc|iPhone.ActiveCfg = Ad-Hoc|iPhone
		{4CFE15D2-37F8-4173-A4B0-6DE8938BEB8E}.Ad-Hoc|iPhone.Build.0 = Ad-Hoc|iPhone
		{4CFE15D2-37F8-4173-A4B0-6DE8938BEB8E}.Ad-Hoc|iPhoneSimulator.ActiveCfg = Ad-Hoc|iPhoneSimulator
		{4CFE15D2-37F8-4173-A4B0-6DE8938BEB8E}.Ad-Hoc|iPhoneSimulator.Build.0 = Ad-Hoc|iPhoneSimulator
		{4CFE15D2-37F8-4173-A4B0-6DE8938BEB8E}.Ad-Hoc|x64.ActiveCfg = Ad-Hoc|iPhone
		{4CFE15D2-37F8-4173-A4B0-6DE8938BEB8E}.Ad-Hoc|x86.ActiveCfg = Ad-Hoc|iPhone
		{4CFE15D2-37F8-4173-A4B0-6DE8938BEB8E}.AppStore|Any CPU.ActiveCfg = AppStore|iPhone
		{4CFE15D2-37F8-4173-A4B0-6DE8938BEB8E}.AppStore|ARM.ActiveCfg = AppStore|iPhone
		{4CFE15D2-37F8-4173-A4B0-6DE8938BEB8E}.AppStore|iPhone.ActiveCfg = AppStore|iPhone
		{4CFE15D2-37F8-4173-A4B0-6DE8938BEB8E}.AppStore|iPhone.Build.0 = AppStore|iPhone
		{4CFE15D2-37F8-4173-A4B0-6DE8938BEB8E}.AppStore|iPhoneSimulator.ActiveCfg = AppStore|iPhoneSimulator
		{4CFE15D2-37F8-4173-A4B0-6DE8938BEB8E}.AppStore|iPhoneSimulator.Build.0 = AppStore|iPhoneSimulator
		{4CFE15D2-37F8-4173-A4B0-6DE8938BEB8E}.AppStore|x64.ActiveCfg = AppStore|iPhone
		{4CFE15D2-37F8-4173-A4B0-6DE8938BEB8E}.AppStore|x86.ActiveCfg = AppStore|iPhone
		{4CFE15D2-37F8-4173-A4B0-6DE8938BEB8E}.Debug|Any CPU.ActiveCfg = Debug|iPhone
		{4CFE15D2-37F8-4173-A4B0-6DE8938BEB8E}.Debug|ARM.ActiveCfg = Debug|iPhone
		{4CFE15D2-37F8-4173-A4B0-6DE8938BEB8E}.Debug|iPhone.ActiveCfg = Debug|iPhone
		{4CFE15D2-37F8-4173-A4B0-6DE8938BEB8E}.Debug|iPhone.Build.0 = Debug|iPhone
		{4CFE15D2-37F8-4173-A4B0-6DE8938BEB8E}.Debug|iPhoneSimulator.ActiveCfg = Debug|iPhoneSimulator
		{4CFE15D2-37F8-4173-A4B0-6DE8938BEB8E}.Debug|iPhoneSimulator.Build.0 = Debug|iPhoneSimulator
		{4CFE15D2-37F8-4173-A4B0-6DE8938BEB8E}.Debug|x64.ActiveCfg = Debug|iPhone
		{4CFE15D2-37F8-4173-A4B0-6DE8938BEB8E}.Debug|x86.ActiveCfg = Debug|iPhone
		{4CFE15D2-37F8-4173-A4B0-6DE8938BEB8E}.Release|Any CPU.ActiveCfg = Release|iPhone
		{4CFE15D2-37F8-4173-A4B0-6DE8938BEB8E}.Release|ARM.ActiveCfg = Release|iPhone
		{4CFE15D2-37F8-4173-A4B0-6DE8938BEB8E}.Release|iPhone.ActiveCfg = Release|iPhone
		{4CFE15D2-37F8-4173-A4B0-6DE8938BEB8E}.Release|iPhone.Build.0 = Release|iPhone
		{4CFE15D2-37F8-4173-A4B0-6DE8938BEB8E}.Release|iPhoneSimulator.ActiveCfg = Release|iPhoneSimulator
		{4CFE15D2-37F8-4173-A4B0-6DE8938BEB8E}.Release|iPhoneSimulator.Build.0 = Release|iPhoneSimulator
		{4CFE15D2-37F8-4173-A4B0-6DE8938BEB8E}.Release|x64.ActiveCfg = Release|iPhone
		{4CFE15D2-37F8-4173-A4B0-6DE8938BEB8E}.Release|x86.ActiveCfg = Release|iPhone
		{DC27B4D6-E4FF-47AD-8FA7-6E05CE9FE38F}.Ad-Hoc|Any CPU.ActiveCfg = Release|x86
		{DC27B4D6-E4FF-47AD-8FA7-6E05CE9FE38F}.Ad-Hoc|Any CPU.Build.0 = Release|x86
		{DC27B4D6-E4FF-47AD-8FA7-6E05CE9FE38F}.Ad-Hoc|Any CPU.Deploy.0 = Release|x86
		{DC27B4D6-E4FF-47AD-8FA7-6E05CE9FE38F}.Ad-Hoc|ARM.ActiveCfg = Release|ARM
		{DC27B4D6-E4FF-47AD-8FA7-6E05CE9FE38F}.Ad-Hoc|ARM.Build.0 = Release|ARM
		{DC27B4D6-E4FF-47AD-8FA7-6E05CE9FE38F}.Ad-Hoc|ARM.Deploy.0 = Release|ARM
		{DC27B4D6-E4FF-47AD-8FA7-6E05CE9FE38F}.Ad-Hoc|iPhone.ActiveCfg = Release|x86
		{DC27B4D6-E4FF-47AD-8FA7-6E05CE9FE38F}.Ad-Hoc|iPhone.Build.0 = Release|x86
		{DC27B4D6-E4FF-47AD-8FA7-6E05CE9FE38F}.Ad-Hoc|iPhone.Deploy.0 = Release|x86
		{DC27B4D6-E4FF-47AD-8FA7-6E05CE9FE38F}.Ad-Hoc|iPhoneSimulator.ActiveCfg = Release|x86
		{DC27B4D6-E4FF-47AD-8FA7-6E05CE9FE38F}.Ad-Hoc|iPhoneSimulator.Build.0 = Release|x86
		{DC27B4D6-E4FF-47AD-8FA7-6E05CE9FE38F}.Ad-Hoc|iPhoneSimulator.Deploy.0 = Release|x86
		{DC27B4D6-E4FF-47AD-8FA7-6E05CE9FE38F}.Ad-Hoc|x64.ActiveCfg = Release|x64
		{DC27B4D6-E4FF-47AD-8FA7-6E05CE9FE38F}.Ad-Hoc|x64.Build.0 = Release|x64
		{DC27B4D6-E4FF-47AD-8FA7-6E05CE9FE38F}.Ad-Hoc|x64.Deploy.0 = Release|x64
		{DC27B4D6-E4FF-47AD-8FA7-6E05CE9FE38F}.Ad-Hoc|x86.ActiveCfg = Release|x86
		{DC27B4D6-E4FF-47AD-8FA7-6E05CE9FE38F}.Ad-Hoc|x86.Build.0 = Release|x86
		{DC27B4D6-E4FF-47AD-8FA7-6E05CE9FE38F}.Ad-Hoc|x86.Deploy.0 = Release|x86
		{DC27B4D6-E4FF-47AD-8FA7-6E05CE9FE38F}.AppStore|Any CPU.ActiveCfg = Release|x86
		{DC27B4D6-E4FF-47AD-8FA7-6E05CE9FE38F}.AppStore|Any CPU.Build.0 = Release|x86
		{DC27B4D6-E4FF-47AD-8FA7-6E05CE9FE38F}.AppStore|Any CPU.Deploy.0 = Release|x86
		{DC27B4D6-E4FF-47AD-8FA7-6E05CE9FE38F}.AppStore|ARM.ActiveCfg = Release|ARM
		{DC27B4D6-E4FF-47AD-8FA7-6E05CE9FE38F}.AppStore|ARM.Build.0 = Release|ARM
		{DC27B4D6-E4FF-47AD-8FA7-6E05CE9FE38F}.AppStore|ARM.Deploy.0 = Release|ARM
		{DC27B4D6-E4FF-47AD-8FA7-6E05CE9FE38F}.AppStore|iPhone.ActiveCfg = Release|x86
		{DC27B4D6-E4FF-47AD-8FA7-6E05CE9FE38F}.AppStore|iPhone.Build.0 = Release|x86
		{DC27B4D6-E4FF-47AD-8FA7-6E05CE9FE38F}.AppStore|iPhone.Deploy.0 = Release|x86
		{DC27B4D6-E4FF-47AD-8FA7-6E05CE9FE38F}.AppStore|iPhoneSimulator.ActiveCfg = Release|x86
		{DC27B4D6-E4FF-47AD-8FA7-6E05CE9FE38F}.AppStore|iPhoneSimulator.Build.0 = Release|x86
		{DC27B4D6-E4FF-47AD-8FA7-6E05CE9FE38F}.AppStore|iPhoneSimulator.Deploy.0 = Release|x86
		{DC27B4D6-E4FF-47AD-8FA7-6E05CE9FE38F}.AppStore|x64.ActiveCfg = Release|x64
		{DC27B4D6-E4FF-47AD-8FA7-6E05CE9FE38F}.AppStore|x64.Build.0 = Release|x64
		{DC27B4D6-E4FF-47AD-8FA7-6E05CE9FE38F}.AppStore|x64.Deploy.0 = Release|x64
		{DC27B4D6-E4FF-47AD-8FA7-6E05CE9FE38F}.AppStore|x86.ActiveCfg = Release|x86
		{DC27B4D6-E4FF-47AD-8FA7-6E05CE9FE38F}.AppStore|x86.Build.0 = Release|x86
		{DC27B4D6-E4FF-47AD-8FA7-6E05CE9FE38F}.AppStore|x86.Deploy.0 = Release|x86
		{DC27B4D6-E4FF-47AD-8FA7-6E05CE9FE38F}.Debug|Any CPU.ActiveCfg = Debug|x86
		{DC27B4D6-E4FF-47AD-8FA7-6E05CE9FE38F}.Debug|Any CPU.Build.0 = Debug|x86
		{DC27B4D6-E4FF-47AD-8FA7-6E05CE9FE38F}.Debug|Any CPU.Deploy.0 = Debug|x86
		{DC27B4D6-E4FF-47AD-8FA7-6E05CE9FE38F}.Debug|ARM.ActiveCfg = Debug|ARM
		{DC27B4D6-E4FF-47AD-8FA7-6E05CE9FE38F}.Debug|ARM.Build.0 = Debug|ARM
		{DC27B4D6-E4FF-47AD-8FA7-6E05CE9FE38F}.Debug|ARM.Deploy.0 = Debug|ARM
		{DC27B4D6-E4FF-47AD-8FA7-6E05CE9FE38F}.Debug|iPhone.ActiveCfg = Debug|x86
		{DC27B4D6-E4FF-47AD-8FA7-6E05CE9FE38F}.Debug|iPhoneSimulator.ActiveCfg = Debug|x86
		{DC27B4D6-E4FF-47AD-8FA7-6E05CE9FE38F}.Debug|x64.ActiveCfg = Debug|x64
		{DC27B4D6-E4FF-47AD-8FA7-6E05CE9FE38F}.Debug|x64.Build.0 = Debug|x64
		{DC27B4D6-E4FF-47AD-8FA7-6E05CE9FE38F}.Debug|x64.Deploy.0 = Debug|x64
		{DC27B4D6-E4FF-47AD-8FA7-6E05CE9FE38F}.Debug|x86.ActiveCfg = Debug|x86
		{DC27B4D6-E4FF-47AD-8FA7-6E05CE9FE38F}.Debug|x86.Build.0 = Debug|x86
		{DC27B4D6-E4FF-47AD-8FA7-6E05CE9FE38F}.Debug|x86.Deploy.0 = Debug|x86
		{DC27B4D6-E4FF-47AD-8FA7-6E05CE9FE38F}.Release|Any CPU.ActiveCfg = Release|x86
		{DC27B4D6-E4FF-47AD-8FA7-6E05CE9FE38F}.Release|ARM.ActiveCfg = Release|ARM
		{DC27B4D6-E4FF-47AD-8FA7-6E05CE9FE38F}.Release|ARM.Build.0 = Release|ARM
		{DC27B4D6-E4FF-47AD-8FA7-6E05CE9FE38F}.Release|ARM.Deploy.0 = Release|ARM
		{DC27B4D6-E4FF-47AD-8FA7-6E05CE9FE38F}.Release|iPhone.ActiveCfg = Release|x86
		{DC27B4D6-E4FF-47AD-8FA7-6E05CE9FE38F}.Release|iPhoneSimulator.ActiveCfg = Release|x86
		{DC27B4D6-E4FF-47AD-8FA7-6E05CE9FE38F}.Release|x64.ActiveCfg = Release|x64
		{DC27B4D6-E4FF-47AD-8FA7-6E05CE9FE38F}.Release|x64.Build.0 = Release|x64
		{DC27B4D6-E4FF-47AD-8FA7-6E05CE9FE38F}.Release|x64.Deploy.0 = Release|x64
		{DC27B4D6-E4FF-47AD-8FA7-6E05CE9FE38F}.Release|x86.ActiveCfg = Release|x86
		{DC27B4D6-E4FF-47AD-8FA7-6E05CE9FE38F}.Release|x86.Build.0 = Release|x86
		{DC27B4D6-E4FF-47AD-8FA7-6E05CE9FE38F}.Release|x86.Deploy.0 = Release|x86
	EndGlobalSection
	GlobalSection(SolutionProperties) = preSolution
		HideSolutionNode = FALSE
	EndGlobalSection
	GlobalSection(ExtensibilityGlobals) = postSolution
		SolutionGuid = {E669238C-026D-4458-8448-9D90B8D8B21B}
	EndGlobalSection
EndGlobal
